<?xml version="1.0" encoding="utf-8"?>
<Project ToolsVersion="4.0" xmlns="http://schemas.microsoft.com/developer/msbuild/2003">
  <ItemGroup>
    <ClInclude Include="BindingOfIsaac.h" />
    <ClInclude Include="TitleLevel.h">
      <Filter>Level</Filter>
    </ClInclude>
    <ClInclude Include="PlayLevel.h">
      <Filter>Level</Filter>
    </ClInclude>
    <ClInclude Include="EndingLevel.h">
      <Filter>Level</Filter>
    </ClInclude>
    <ClInclude Include="LoadingLevel.h">
      <Filter>Level</Filter>
    </ClInclude>
    <ClInclude Include="TitleBackGround.h">
      <Filter>Title</Filter>
    </ClInclude>
    <ClInclude Include="CardUI.h">
      <Filter>Play\UI</Filter>
    </ClInclude>
    <ClInclude Include="HavingItemUI.h">
      <Filter>Play\UI</Filter>
    </ClInclude>
    <ClInclude Include="SpacebarUI.h">
      <Filter>Play\UI</Filter>
    </ClInclude>
    <ClInclude Include="PauseUI.h">
      <Filter>Play\UI</Filter>
    </ClInclude>
    <ClInclude Include="HpUI.h">
      <Filter>Play\UI</Filter>
    </ClInclude>
    <ClInclude Include="ItemUI.h">
      <Filter>Play\UI</Filter>
    </ClInclude>
    <ClInclude Include="BombItem.h">
      <Filter>Play\Item</Filter>
    </ClInclude>
    <ClInclude Include="Door.h">
      <Filter>Play\Map</Filter>
    </ClInclude>
    <ClInclude Include="Fire.h">
      <Filter>Play\Map</Filter>
    </ClInclude>
    <ClInclude Include="FireBlue.h">
      <Filter>Play\Map</Filter>
    </ClInclude>
    <ClInclude Include="FireRed.h">
      <Filter>Play\Map</Filter>
    </ClInclude>
    <ClInclude Include="Hole.h">
      <Filter>Play\Map</Filter>
    </ClInclude>
    <ClInclude Include="MiniMap.h">
      <Filter>Play\UI</Filter>
    </ClInclude>
    <ClInclude Include="DeadReasonUI.h">
      <Filter>Play\UI</Filter>
    </ClInclude>
    <ClInclude Include="Poop.h">
      <Filter>Play\Map</Filter>
    </ClInclude>
    <ClInclude Include="PoopRed.h">
      <Filter>Play\Map</Filter>
    </ClInclude>
    <ClInclude Include="OptionUI.h">
      <Filter>Play\UI</Filter>
    </ClInclude>
    <ClInclude Include="Monster.h">
      <Filter>Play\Monster</Filter>
    </ClInclude>
    <ClInclude Include="Stone.h">
      <Filter>Play\Map</Filter>
    </ClInclude>
    <ClInclude Include="StoneBlack.h">
      <Filter>Play\Map</Filter>
    </ClInclude>
    <ClInclude Include="Player.h">
      <Filter>Play\Player</Filter>
    </ClInclude>
    <ClInclude Include="Familiar.h">
      <Filter>Play\Player</Filter>
    </ClInclude>
    <ClInclude Include="KeyItem.h">
      <Filter>Play\Item</Filter>
    </ClInclude>
    <ClInclude Include="MoneyItem.h">
      <Filter>Play\Item</Filter>
    </ClInclude>
    <ClInclude Include="MoneyBlack.h">
      <Filter>Play\Item</Filter>
    </ClInclude>
    <ClInclude Include="Thorn.h">
      <Filter>Play\Map</Filter>
    </ClInclude>
    <ClInclude Include="PickableObject.h">
      <Filter>Play\Item</Filter>
    </ClInclude>
    <ClInclude Include="PassiveItem.h">
      <Filter>Play\Passive</Filter>
    </ClInclude>
    <ClInclude Include="Accessory.h">
      <Filter>Play\Item</Filter>
    </ClInclude>
    <ClInclude Include="Bomb.h">
      <Filter>Play\Object</Filter>
    </ClInclude>
    <ClInclude Include="DamageableActor.h">
      <Filter>Play\Base</Filter>
    </ClInclude>
    <ClInclude Include="Shooter.h">
      <Filter>Play\Base</Filter>
    </ClInclude>
    <ClInclude Include="Projectile.h">
      <Filter>Play\Object</Filter>
    </ClInclude>
    <ClInclude Include="MenuLevel.h">
      <Filter>Level</Filter>
    </ClInclude>
    <ClInclude Include="RandomRoomManager.h">
      <Filter>Play\Map</Filter>
    </ClInclude>
    <ClInclude Include="RoomData.h">
      <Filter>Play\Map</Filter>
    </ClInclude>
    <ClInclude Include="IntroPage.h">
      <Filter>Title</Filter>
    </ClInclude>
    <ClInclude Include="TitleForeGround.h">
      <Filter>Title</Filter>
    </ClInclude>
    <ClInclude Include="OptionWindow.h">
      <Filter>Play\Option</Filter>
    </ClInclude>
    <ClInclude Include="MapPos.h">
      <Filter>Play\Map</Filter>
    </ClInclude>
    <ClInclude Include="LoadingPage.h">
      <Filter>Loading</Filter>
    </ClInclude>
    <ClInclude Include="LoadingCharacter.h">
      <Filter>Loading</Filter>
    </ClInclude>
    <ClInclude Include="LoadingMap.h">
      <Filter>Loading</Filter>
    </ClInclude>
    <ClInclude Include="EndingBackGround.h">
      <Filter>Ending</Filter>
    </ClInclude>
    <ClInclude Include="ContentsEnum.h">
      <Filter>Global</Filter>
    </ClInclude>
    <ClInclude Include="LoadingBubble.h">
      <Filter>Loading</Filter>
    </ClInclude>
    <ClInclude Include="MenuStart.h">
      <Filter>Menu</Filter>
    </ClInclude>
    <ClInclude Include="MenuFileSelect.h">
      <Filter>Menu</Filter>
    </ClInclude>
    <ClInclude Include="TestMap.h">
      <Filter>Play\Map</Filter>
    </ClInclude>
    <ClInclude Include="Intro17.h">
      <Filter>Title</Filter>
    </ClInclude>
    <ClInclude Include="Intro18.h">
      <Filter>Title</Filter>
    </ClInclude>
    <ClInclude Include="PlayBackGround.h">
      <Filter>Play\Base</Filter>
    </ClInclude>
    <ClInclude Include="IntroManager.h">
      <Filter>Title</Filter>
    </ClInclude>
    <ClInclude Include="EndingManager.h">
      <Filter>Ending</Filter>
    </ClInclude>
    <ClInclude Include="GameMenu.h">
      <Filter>Menu</Filter>
    </ClInclude>
    <ClInclude Include="Item.h">
      <Filter>Play\Item</Filter>
    </ClInclude>
    <ClInclude Include="CharacterMenu.h">
      <Filter>Menu</Filter>
    </ClInclude>
    <ClInclude Include="StatsMenu.h">
      <Filter>Menu</Filter>
    </ClInclude>
    <ClInclude Include="OptionsMenu.h">
      <Filter>Menu</Filter>
    </ClInclude>
    <ClInclude Include="ContentsGlobal.h">
      <Filter>Global</Filter>
    </ClInclude>
    <ClInclude Include="PlayerUI.h">
      <Filter>Play\Player</Filter>
    </ClInclude>
  </ItemGroup>
  <ItemGroup>
    <ClCompile Include="BindingOfIsaac.cpp" />
    <ClCompile Include="TitleLevel.cpp">
      <Filter>Level</Filter>
    </ClCompile>
    <ClCompile Include="PlayLevel.cpp">
      <Filter>Level</Filter>
    </ClCompile>
    <ClCompile Include="EndingLevel.cpp">
      <Filter>Level</Filter>
    </ClCompile>
    <ClCompile Include="LoadingLevel.cpp">
      <Filter>Level</Filter>
    </ClCompile>
    <ClCompile Include="TitleBackGround.cpp">
      <Filter>Title</Filter>
    </ClCompile>
    <ClCompile Include="CardUI.cpp">
      <Filter>Play\UI</Filter>
    </ClCompile>
    <ClCompile Include="HavingItemUI.cpp">
      <Filter>Play\UI</Filter>
    </ClCompile>
    <ClCompile Include="SpacebarUI.cpp">
      <Filter>Play\UI</Filter>
    </ClCompile>
    <ClCompile Include="PauseUI.cpp">
      <Filter>Play\UI</Filter>
    </ClCompile>
    <ClCompile Include="HpUI.cpp">
      <Filter>Play\UI</Filter>
    </ClCompile>
    <ClCompile Include="ItemUI.cpp">
      <Filter>Play\UI</Filter>
    </ClCompile>
    <ClCompile Include="BombItem.cpp">
      <Filter>Play\Item</Filter>
    </ClCompile>
    <ClCompile Include="Door.cpp">
      <Filter>Play\Map</Filter>
    </ClCompile>
    <ClCompile Include="Fire.cpp">
      <Filter>Play\Map</Filter>
    </ClCompile>
    <ClCompile Include="FireBlue.cpp">
      <Filter>Play\Map</Filter>
    </ClCompile>
    <ClCompile Include="FireRed.cpp">
      <Filter>Play\Map</Filter>
    </ClCompile>
    <ClCompile Include="Hole.cpp">
      <Filter>Play\Map</Filter>
    </ClCompile>
    <ClCompile Include="MiniMap.cpp">
      <Filter>Play\UI</Filter>
    </ClCompile>
    <ClCompile Include="DeadReasonUI.cpp">
      <Filter>Play\UI</Filter>
    </ClCompile>
    <ClCompile Include="Poop.cpp">
      <Filter>Play\Map</Filter>
    </ClCompile>
    <ClCompile Include="PoopRed.cpp">
      <Filter>Play\Map</Filter>
    </ClCompile>
    <ClCompile Include="OptionUI.cpp">
      <Filter>Play\UI</Filter>
    </ClCompile>
    <ClCompile Include="Monster.cpp">
      <Filter>Play\Monster</Filter>
    </ClCompile>
    <ClCompile Include="Stone.cpp">
      <Filter>Play\Map</Filter>
    </ClCompile>
    <ClCompile Include="StoneBlack.cpp">
      <Filter>Play\Map</Filter>
    </ClCompile>
    <ClCompile Include="Player.cpp">
      <Filter>Play\Player</Filter>
    </ClCompile>
    <ClCompile Include="Familiar.cpp">
      <Filter>Play\Player</Filter>
    </ClCompile>
    <ClCompile Include="KeyItem.cpp">
      <Filter>Play\Item</Filter>
    </ClCompile>
    <ClCompile Include="MoneyItem.cpp">
      <Filter>Play\Item</Filter>
    </ClCompile>
    <ClCompile Include="MoneyBlack.cpp">
      <Filter>Play\Item</Filter>
    </ClCompile>
    <ClCompile Include="Thorn.cpp">
      <Filter>Play\Map</Filter>
    </ClCompile>
    <ClCompile Include="PickableObject.cpp">
      <Filter>Play\Item</Filter>
    </ClCompile>
    <ClCompile Include="PassiveItem.cpp">
      <Filter>Play\Passive</Filter>
    </ClCompile>
    <ClCompile Include="Accessory.cpp">
      <Filter>Play\Item</Filter>
    </ClCompile>
    <ClCompile Include="Bomb.cpp">
      <Filter>Play\Object</Filter>
    </ClCompile>
    <ClCompile Include="DamageableActor.cpp">
      <Filter>Play\Base</Filter>
    </ClCompile>
    <ClCompile Include="Shooter.cpp">
      <Filter>Play\Base</Filter>
    </ClCompile>
    <ClCompile Include="Projectile.cpp">
      <Filter>Play\Object</Filter>
    </ClCompile>
    <ClCompile Include="MenuLevel.cpp">
      <Filter>Level</Filter>
    </ClCompile>
    <ClCompile Include="RandomRoomManager.cpp">
      <Filter>Play\Map</Filter>
    </ClCompile>
    <ClCompile Include="RoomData.cpp">
      <Filter>Play\Map</Filter>
    </ClCompile>
    <ClCompile Include="IntroPage.cpp">
      <Filter>Title</Filter>
    </ClCompile>
    <ClCompile Include="TitleForeGround.cpp">
      <Filter>Title</Filter>
    </ClCompile>
    <ClCompile Include="OptionWindow.cpp">
      <Filter>Play\Option</Filter>
    </ClCompile>
    <ClCompile Include="LoadingPage.cpp">
      <Filter>Loading</Filter>
    </ClCompile>
    <ClCompile Include="LoadingCharacter.cpp">
      <Filter>Loading</Filter>
    </ClCompile>
    <ClCompile Include="LoadingMap.cpp">
      <Filter>Loading</Filter>
    </ClCompile>
    <ClCompile Include="EndingBackGround.cpp">
      <Filter>Ending</Filter>
    </ClCompile>
    <ClCompile Include="LoadingBubble.cpp">
      <Filter>Loading</Filter>
    </ClCompile>
    <ClCompile Include="MenuStart.cpp">
      <Filter>Menu</Filter>
    </ClCompile>
    <ClCompile Include="MenuFileSelect.cpp">
      <Filter>Menu</Filter>
    </ClCompile>
    <ClCompile Include="TestMap.cpp">
      <Filter>Play\Map</Filter>
    </ClCompile>
    <ClCompile Include="Intro17.cpp">
      <Filter>Title</Filter>
    </ClCompile>
    <ClCompile Include="Intro18.cpp">
      <Filter>Title</Filter>
    </ClCompile>
    <ClCompile Include="Player_State.cpp">
      <Filter>Play\Player</Filter>
    </ClCompile>
    <ClCompile Include="PlayBackGround.cpp">
      <Filter>Play\Base</Filter>
    </ClCompile>
    <ClCompile Include="IntroManager.cpp">
      <Filter>Title</Filter>
    </ClCompile>
    <ClCompile Include="EndingManager.cpp">
      <Filter>Ending</Filter>
    </ClCompile>
    <ClCompile Include="GameMenu.cpp">
      <Filter>Menu</Filter>
    </ClCompile>
    <ClCompile Include="Item.cpp">
      <Filter>Play\Item</Filter>
    </ClCompile>
    <ClCompile Include="CharacterMenu.cpp">
      <Filter>Menu</Filter>
    </ClCompile>
    <ClCompile Include="StatsMenu.cpp">
      <Filter>Menu</Filter>
    </ClCompile>
    <ClCompile Include="OptionsMenu.cpp">
      <Filter>Menu</Filter>
    </ClCompile>
    <ClCompile Include="ContentsGlobal.cpp">
      <Filter>Global</Filter>
    </ClCompile>
    <ClCompile Include="PlayerUI.cpp">
      <Filter>Play\Player</Filter>
    </ClCompile>
  </ItemGroup>
  <ItemGroup>
    <Filter Include="Level">
      <UniqueIdentifier>{6d578fb7-24fd-493c-81ce-7d1531a96225}</UniqueIdentifier>
    </Filter>
    <Filter Include="Title">
      <UniqueIdentifier>{2c1b1d01-03f2-451c-8b59-c442f165872b}</UniqueIdentifier>
    </Filter>
    <Filter Include="Play">
      <UniqueIdentifier>{5498417a-4a71-49f2-baad-3bfd3f856b8d}</UniqueIdentifier>
    </Filter>
    <Filter Include="Ending">
      <UniqueIdentifier>{b655c147-3cb0-49c4-9a45-dd964b5dc99c}</UniqueIdentifier>
    </Filter>
    <Filter Include="Play\UI">
      <UniqueIdentifier>{af947d87-4d93-4416-9936-e5e60aff98b8}</UniqueIdentifier>
    </Filter>
    <Filter Include="Play\Item">
      <UniqueIdentifier>{a2238290-3634-49cc-8394-8329c82d191b}</UniqueIdentifier>
    </Filter>
    <Filter Include="Play\Map">
      <UniqueIdentifier>{5f746567-a322-4fac-af26-4bb71bc32038}</UniqueIdentifier>
    </Filter>
    <Filter Include="Play\Monster">
      <UniqueIdentifier>{03f9b8a5-9ede-404b-b9fb-c418396cacb5}</UniqueIdentifier>
    </Filter>
    <Filter Include="Play\Player">
      <UniqueIdentifier>{500bb78d-14b5-490e-a0c2-51c05cfaf254}</UniqueIdentifier>
    </Filter>
    <Filter Include="Play\Passive">
      <UniqueIdentifier>{96d79c5d-7cd7-418f-9546-0f54f768656c}</UniqueIdentifier>
    </Filter>
    <Filter Include="Play\Object">
      <UniqueIdentifier>{7b14ea41-1737-4d85-92ad-e27668cffda2}</UniqueIdentifier>
    </Filter>
    <Filter Include="Play\Base">
      <UniqueIdentifier>{5c4d13d7-575c-4d20-b999-4f4424381eba}</UniqueIdentifier>
    </Filter>
    <Filter Include="Menu">
      <UniqueIdentifier>{08fba377-ff7e-4495-bfa9-5854ff00c625}</UniqueIdentifier>
    </Filter>
    <Filter Include="Play\Option">
      <UniqueIdentifier>{9d9b9cb5-3c69-4152-93c9-5712cd91a36e}</UniqueIdentifier>
    </Filter>
    <Filter Include="Loading">
      <UniqueIdentifier>{9f0e4753-aa67-47e0-be75-a7c761f9c87e}</UniqueIdentifier>
    </Filter>
    <Filter Include="Global">
      <UniqueIdentifier>{9bf2df0f-c5ca-4f98-8f35-0579ace57b98}</UniqueIdentifier>
    </Filter>
  </ItemGroup>
</Project>